PODS:
  - AFNetworking/NSURLConnection (2.6.3):
    - AFNetworking/Reachability
    - AFNetworking/Security
    - AFNetworking/Serialization
  - AFNetworking/NSURLSession (2.6.3):
    - AFNetworking/Reachability
    - AFNetworking/Security
    - AFNetworking/Serialization
  - AFNetworking/Reachability (2.6.3)
  - AFNetworking/Security (2.6.3)
  - AFNetworking/Serialization (2.6.3)
  - Alamofire (3.1.3)
  - AlamofireImage (2.1.1):
    - Alamofire (~> 3.1)
  - BDBOAuth1Manager (1.6.0):
    - AFNetworking/NSURLConnection (~> 2.6.0)
    - AFNetworking/NSURLSession (~> 2.6.0)
  - OAuthSwift (0.4.6)

DEPENDENCIES:
  - Alamofire (~> 3.1)
  - AlamofireImage (~> 2.1)
  - BDBOAuth1Manager (~> 1.6)
  - OAuthSwift (~> 0.4.6)

SPEC CHECKSUMS:
  AFNetworking: cb8d14a848e831097108418f5d49217339d4eb60
  Alamofire: 9f93b56389e48def9220dd57d1f44b1927229a5a
  AlamofireImage: 31f7c4e9f516183e0ef2d2da18318de28a4628b8
  BDBOAuth1Manager: cd5a5872f355ca38180d52ca2dd844f0b0c84797
  OAuthSwift: 8c738cc56c942a541f5c6d0362a892cb149d10b1

COCOAPODS: 0.39.0
